// !$*UTF8*$!
{
	archiveVersion = 1;
	classes = {
	};
	objectVersion = 77;
	objects = {

/* Begin PBXBuildFile section */
		A10000000000000000000003 /* Tshunhue Keyboard.appex in Embed App Extensions */ = {isa = PBXBuildFile; fileRef = A10000000000000000000001 /* Tshunhue Keyboard.appex */; platformFilter = ios; settings = {ATTRIBUTES = (RemoveHeadersOnCopy, ); }; };
		A10000000000000000000021 /* CatalogModels.swift in Sources */ = {isa = PBXBuildFile; fileRef = A10000000000000000000011 /* CatalogModels.swift */; };
		A10000000000000000000022 /* CatalogValidator.swift in Sources */ = {isa = PBXBuildFile; fileRef = A10000000000000000000012 /* CatalogValidator.swift */; };
		A10000000000000000000023 /* HTTPClient.swift in Sources */ = {isa = PBXBuildFile; fileRef = A10000000000000000000013 /* HTTPClient.swift */; };
		A10000000000000000000024 /* SourceStore.swift in Sources */ = {isa = PBXBuildFile; fileRef = A10000000000000000000014 /* SourceStore.swift */; };
		A10000000000000000000025 /* ImageRepository.swift in Sources */ = {isa = PBXBuildFile; fileRef = A10000000000000000000015 /* ImageRepository.swift */; };
		A10000000000000000000026 /* RecentStore.swift in Sources */ = {isa = PBXBuildFile; fileRef = A10000000000000000000016 /* RecentStore.swift */; };
		A10000000000000000000027 /* JPEGEncoder.swift in Sources */ = {isa = PBXBuildFile; fileRef = A10000000000000000000017 /* JPEGEncoder.swift */; };
/* End PBXBuildFile section */

/* Begin PBXContainerItemProxy section */
		A10000000000000000000005 /* PBXContainerItemProxy */ = {
			isa = PBXContainerItemProxy;
			containerPortal = 2B335C4D300F504E0069B097 /* Project object */;
			proxyType = 1;
			remoteGlobalIDString = A1000000000000000000000A;
			remoteInfo = "Tshunhue Keyboard";
		};
		2B335C63300F50500069B097 /* PBXContainerItemProxy */ = {
			isa = PBXContainerItemProxy;
			containerPortal = 2B335C4D300F504E0069B097 /* Project object */;
			proxyType = 1;
			remoteGlobalIDString = 2B335C54300F504E0069B097;
			remoteInfo = Tshunhue;
		};
		2B335C6D300F50500069B097 /* PBXContainerItemProxy */ = {
			isa = PBXContainerItemProxy;
			containerPortal = 2B335C4D300F504E0069B097 /* Project object */;
			proxyType = 1;
			remoteGlobalIDString = 2B335C54300F504E0069B097;
			remoteInfo = Tshunhue;
		};
/* End PBXContainerItemProxy section */

/* Begin PBXCopyFilesBuildPhase section */
		A10000000000000000000004 /* Embed App Extensions */ = {
			isa = PBXCopyFilesBuildPhase;
			buildActionMask = 2147483647;
			dstPath = "";
			dstSubfolderSpec = 13;
			files = (
				A10000000000000000000003 /* Tshunhue Keyboard.appex in Embed App Extensions */,
			);
			name = "Embed App Extensions";
			runOnlyForDeploymentPostprocessing = 0;
		};
/* End PBXCopyFilesBuildPhase section */

/* Begin PBXFileReference section */
		A10000000000000000000001 /* Tshunhue Keyboard.appex */ = {isa = PBXFileReference; explicitFileType = "wrapper.app-extension"; includeInIndex = 0; path = "Tshunhue Keyboard.appex"; sourceTree = BUILT_PRODUCTS_DIR; };
		A10000000000000000000011 /* CatalogModels.swift */ = {isa = PBXFileReference; lastKnownFileType = sourcecode.swift; path = Tshunhue/Models/CatalogModels.swift; sourceTree = SOURCE_ROOT; };
		A10000000000000000000012 /* CatalogValidator.swift */ = {isa = PBXFileReference; lastKnownFileType = sourcecode.swift; path = Tshunhue/Models/CatalogValidator.swift; sourceTree = SOURCE_ROOT; };
		A10000000000000000000013 /* HTTPClient.swift */ = {isa = PBXFileReference; lastKnownFileType = sourcecode.swift; path = Tshunhue/Services/HTTPClient.swift; sourceTree = SOURCE_ROOT; };
		A10000000000000000000014 /* SourceStore.swift */ = {isa = PBXFileReference; lastKnownFileType = sourcecode.swift; path = Tshunhue/Services/SourceStore.swift; sourceTree = SOURCE_ROOT; };
		A10000000000000000000015 /* ImageRepository.swift */ = {isa = PBXFileReference; lastKnownFileType = sourcecode.swift; path = Tshunhue/Services/ImageRepository.swift; sourceTree = SOURCE_ROOT; };
		A10000000000000000000016 /* RecentStore.swift */ = {isa = PBXFileReference; lastKnownFileType = sourcecode.swift; path = Tshunhue/Services/RecentStore.swift; sourceTree = SOURCE_ROOT; };
		A10000000000000000000017 /* JPEGEncoder.swift */ = {isa = PBXFileReference; lastKnownFileType = sourcecode.swift; path = Tshunhue/Services/JPEGEncoder.swift; sourceTree = SOURCE_ROOT; };
		2B335C55300F504E0069B097 /* Tshunhue.app */ = {isa = PBXFileReference; explicitFileType = wrapper.application; includeInIndex = 0; path = Tshunhue.app; sourceTree = BUILT_PRODUCTS_DIR; };
		2B335C62300F50500069B097 /* TshunhueTests.xctest */ = {isa = PBXFileReference; explicitFileType = wrapper.cfbundle; includeInIndex = 0; path = TshunhueTests.xctest; sourceTree = BUILT_PRODUCTS_DIR; };
		2B335C6C300F50500069B097 /* TshunhueUITests.xctest */ = {isa = PBXFileReference; explicitFileType = wrapper.cfbundle; includeInIndex = 0; path = TshunhueUITests.xctest; sourceTree = BUILT_PRODUCTS_DIR; };
/* End PBXFileReference section */

/* Begin PBXFileSystemSynchronizedBuildFileExceptionSet section */
		A10000000000000000000030 /* Exceptions for TshunhueKeyboard folder in Tshunhue Keyboard target */ = {
			isa = PBXFileSystemSynchronizedBuildFileExceptionSet;
			membershipExceptions = (
				Info.plist,
				TshunhueKeyboard.entitlements,
			);
			target = A1000000000000000000000A /* Tshunhue Keyboard */;
		};
/* End PBXFileSystemSynchronizedBuildFileExceptionSet section */

/* Begin PBXFileSystemSynchronizedRootGroup section */
		A10000000000000000000002 /* TshunhueKeyboard */ = {
			isa = PBXFileSystemSynchronizedRootGroup;
			exceptions = (
				A10000000000000000000030 /* Exceptions for TshunhueKeyboard folder in Tshunhue Keyboard target */,
			);
			path = TshunhueKeyboard;
			sourceTree = "<group>";
		};
		2B335C57300F504E0069B097 /* Tshunhue */ = {
			isa = PBXFileSystemSynchronizedRootGroup;
			path = Tshunhue;
			sourceTree = "<group>";
		};
		2B335C65300F50500069B097 /* TshunhueTests */ = {
			isa = PBXFileSystemSynchronizedRootGroup;
			path = TshunhueTests;
			sourceTree = "<group>";
		};
		2B335C6F300F50500069B097 /* TshunhueUITests */ = {
			isa = PBXFileSystemSynchronizedRootGroup;
			path = TshunhueUITests;
			sourceTree = "<group>";
		};
/* End PBXFileSystemSynchronizedRootGroup section */

/* Begin PBXFrameworksBuildPhase section */
		A10000000000000000000008 /* Frameworks */ = {
			isa = PBXFrameworksBuildPhase;
			buildActionMask = 2147483647;
			files = (
			);
			runOnlyForDeploymentPostprocessing = 0;
		};
		2B335C52300F504E0069B097 /* Frameworks */ = {
			isa = PBXFrameworksBuildPhase;
			buildActionMask = 2147483647;
			files = (
			);
			runOnlyForDeploymentPostprocessing = 0;
		};
		2B335C5F300F50500069B097 /* Frameworks */ = {
			isa = PBXFrameworksBuildPhase;
			buildActionMask = 2147483647;
			files = (
			);
			runOnlyForDeploymentPostprocessing = 0;
		};
		2B335C69300F50500069B097 /* Frameworks */ = {
			isa = PBXFrameworksBuildPhase;
			buildActionMask = 2147483647;
			files = (
			);
			runOnlyForDeploymentPostprocessing = 0;
		};
/* End PBXFrameworksBuildPhase section */

/* Begin PBXGroup section */
		2B335C4C300F504E0069B097 = {
			isa = PBXGroup;
			children = (
				2B335C57300F504E0069B097 /* Tshunhue */,
				A10000000000000000000002 /* TshunhueKeyboard */,
				A10000000000000000000010 /* Keyboard Shared Sources */,
				2B335C65300F50500069B097 /* TshunhueTests */,
				2B335C6F300F50500069B097 /* TshunhueUITests */,
				2B335C56300F504E0069B097 /* Products */,
			);
			sourceTree = "<group>";
		};
		2B335C56300F504E0069B097 /* Products */ = {
			isa = PBXGroup;
			children = (
				2B335C55300F504E0069B097 /* Tshunhue.app */,
				A10000000000000000000001 /* Tshunhue Keyboard.appex */,
				2B335C62300F50500069B097 /* TshunhueTests.xctest */,
				2B335C6C300F50500069B097 /* TshunhueUITests.xctest */,
			);
			name = Products;
			sourceTree = "<group>";
		};
		A10000000000000000000010 /* Keyboard Shared Sources */ = {
			isa = PBXGroup;
			children = (
				A10000000000000000000011 /* CatalogModels.swift */,
				A10000000000000000000012 /* CatalogValidator.swift */,
				A10000000000000000000013 /* HTTPClient.swift */,
				A10000000000000000000014 /* SourceStore.swift */,
				A10000000000000000000015 /* ImageRepository.swift */,
				A10000000000000000000016 /* RecentStore.swift */,
				A10000000000000000000017 /* JPEGEncoder.swift */,
			);
			name = "Keyboard Shared Sources";
			sourceTree = "<group>";
		};
/* End PBXGroup section */

/* Begin PBXNativeTarget section */
		2B335C54300F504E0069B097 /* Tshunhue */ = {
			isa = PBXNativeTarget;
			buildConfigurationList = 2B335C76300F50500069B097 /* Build configuration list for PBXNativeTarget "Tshunhue" */;
			buildPhases = (
				2B335C51300F504E0069B097 /* Sources */,
				2B335C52300F504E0069B097 /* Frameworks */,
				2B335C53300F504E0069B097 /* Resources */,
				A10000000000000000000004 /* Embed App Extensions */,
			);
			buildRules = (
			);
			dependencies = (
				A10000000000000000000006 /* PBXTargetDependency */,
			);
			fileSystemSynchronizedGroups = (
				2B335C57300F504E0069B097 /* Tshunhue */,
			);
			name = Tshunhue;
			packageProductDependencies = (
			);
			productName = Tshunhue;
			productReference = 2B335C55300F504E0069B097 /* Tshunhue.app */;
			productType = "com.apple.product-type.application";
		};
		A1000000000000000000000A /* Tshunhue Keyboard */ = {
			isa = PBXNativeTarget;
			buildConfigurationList = A1000000000000000000000D /* Build configuration list for PBXNativeTarget "Tshunhue Keyboard" */;
			buildPhases = (
				A10000000000000000000007 /* Sources */,
				A10000000000000000000008 /* Frameworks */,
				A10000000000000000000009 /* Resources */,
			);
			buildRules = (
			);
			dependencies = (
			);
			fileSystemSynchronizedGroups = (
				A10000000000000000000002 /* TshunhueKeyboard */,
			);
			name = "Tshunhue Keyboard";
			packageProductDependencies = (
			);
			productName = TshunhueKeyboard;
			productReference = A10000000000000000000001 /* Tshunhue Keyboard.appex */;
			productType = "com.apple.product-type.app-extension";
		};
		2B335C61300F50500069B097 /* TshunhueTests */ = {
			isa = PBXNativeTarget;
			buildConfigurationList = 2B335C79300F50500069B097 /* Build configuration list for PBXNativeTarget "TshunhueTests" */;
			buildPhases = (
				2B335C5E300F50500069B097 /* Sources */,
				2B335C5F300F50500069B097 /* Frameworks */,
				2B335C60300F50500069B097 /* Resources */,
			);
			buildRules = (
			);
			dependencies = (
				2B335C64300F50500069B097 /* PBXTargetDependency */,
			);
			fileSystemSynchronizedGroups = (
				2B335C65300F50500069B097 /* TshunhueTests */,
			);
			name = TshunhueTests;
			packageProductDependencies = (
			);
			productName = TshunhueTests;
			productReference = 2B335C62300F50500069B097 /* TshunhueTests.xctest */;
			productType = "com.apple.product-type.bundle.unit-test";
		};
		2B335C6B300F50500069B097 /* TshunhueUITests */ = {
			isa = PBXNativeTarget;
			buildConfigurationList = 2B335C7C300F50500069B097 /* Build configuration list for PBXNativeTarget "TshunhueUITests" */;
			buildPhases = (
				2B335C68300F50500069B097 /* Sources */,
				2B335C69300F50500069B097 /* Frameworks */,
				2B335C6A300F50500069B097 /* Resources */,
			);
			buildRules = (
			);
			dependencies = (
				2B335C6E300F50500069B097 /* PBXTargetDependency */,
			);
			fileSystemSynchronizedGroups = (
				2B335C6F300F50500069B097 /* TshunhueUITests */,
			);
			name = TshunhueUITests;
			packageProductDependencies = (
			);
			productName = TshunhueUITests;
			productReference = 2B335C6C300F50500069B097 /* TshunhueUITests.xctest */;
			productType = "com.apple.product-type.bundle.ui-testing";
		};
/* End PBXNativeTarget section */

/* Begin PBXProject section */
		2B335C4D300F504E0069B097 /* Project object */ = {
			isa = PBXProject;
			attributes = {
				BuildIndependentTargetsInParallel = 1;
				LastSwiftUpdateCheck = 2660;
				LastUpgradeCheck = 2660;
				TargetAttributes = {
					A1000000000000000000000A = {
						CreatedOnToolsVersion = 26.6;
					};
					2B335C54300F504E0069B097 = {
						CreatedOnToolsVersion = 26.6;
					};
					2B335C61300F50500069B097 = {
						CreatedOnToolsVersion = 26.6;
						TestTargetID = 2B335C54300F504E0069B097;
					};
					2B335C6B300F50500069B097 = {
						CreatedOnToolsVersion = 26.6;
						TestTargetID = 2B335C54300F504E0069B097;
					};
				};
			};
			buildConfigurationList = 2B335C50300F504E0069B097 /* Build configuration list for PBXProject "Tshunhue" */;
			developmentRegion = en;
			hasScannedForEncodings = 0;
			knownRegions = (
				en,
				"zh-Hant-TW",
				Base,
			);
			mainGroup = 2B335C4C300F504E0069B097;
			minimizedProjectReferenceProxies = 1;
			preferredProjectObjectVersion = 77;
			productRefGroup = 2B335C56300F504E0069B097 /* Products */;
			projectDirPath = "";
			projectRoot = "";
			targets = (
				2B335C54300F504E0069B097 /* Tshunhue */,
				A1000000000000000000000A /* Tshunhue Keyboard */,
				2B335C61300F50500069B097 /* TshunhueTests */,
				2B335C6B300F50500069B097 /* TshunhueUITests */,
			);
		};
/* End PBXProject section */

/* Begin PBXResourcesBuildPhase section */
		A10000000000000000000009 /* Resources */ = {
			isa = PBXResourcesBuildPhase;
			buildActionMask = 2147483647;
			files = (
			);
			runOnlyForDeploymentPostprocessing = 0;
		};
		2B335C53300F504E0069B097 /* Resources */ = {
			isa = PBXResourcesBuildPhase;
			buildActionMask = 2147483647;
			files = (
			);
			runOnlyForDeploymentPostprocessing = 0;
		};
		2B335C60300F50500069B097 /* Resources */ = {
			isa = PBXResourcesBuildPhase;
			buildActionMask = 2147483647;
			files = (
			);
			runOnlyForDeploymentPostprocessing = 0;
		};
		2B335C6A300F50500069B097 /* Resources */ = {
			isa = PBXResourcesBuildPhase;
			buildActionMask = 2147483647;
			files = (
			);
			runOnlyForDeploymentPostprocessing = 0;
		};
/* End PBXResourcesBuildPhase section */

/* Begin PBXSourcesBuildPhase section */
		A10000000000000000000007 /* Sources */ = {
			isa = PBXSourcesBuildPhase;
			buildActionMask = 2147483647;
			files = (
				A10000000000000000000021 /* CatalogModels.swift in Sources */,
				A10000000000000000000022 /* CatalogValidator.swift in Sources */,
				A10000000000000000000023 /* HTTPClient.swift in Sources */,
				A10000000000000000000024 /* SourceStore.swift in Sources */,
				A10000000000000000000025 /* ImageRepository.swift in Sources */,
				A10000000000000000000026 /* RecentStore.swift in Sources */,
				A10000000000000000000027 /* JPEGEncoder.swift in Sources */,
			);
			runOnlyForDeploymentPostprocessing = 0;
		};
		2B335C51300F504E0069B097 /* Sources */ = {
			isa = PBXSourcesBuildPhase;
			buildActionMask = 2147483647;
			files = (
			);
			runOnlyForDeploymentPostprocessing = 0;
		};
		2B335C5E300F50500069B097 /* Sources */ = {
			isa = PBXSourcesBuildPhase;
			buildActionMask = 2147483647;
			files = (
			);
			runOnlyForDeploymentPostprocessing = 0;
		};
		2B335C68300F50500069B097 /* Sources */ = {
			isa = PBXSourcesBuildPhase;
			buildActionMask = 2147483647;
			files = (
			);
			runOnlyForDeploymentPostprocessing = 0;
		};
/* End PBXSourcesBuildPhase section */

/* Begin PBXTargetDependency section */
		A10000000000000000000006 /* PBXTargetDependency */ = {
			isa = PBXTargetDependency;
			platformFilter = ios;
			target = A1000000000000000000000A /* Tshunhue Keyboard */;
			targetProxy = A10000000000000000000005 /* PBXContainerItemProxy */;
		};
		2B335C64300F50500069B097 /* PBXTargetDependency */ = {
			isa = PBXTargetDependency;
			target = 2B335C54300F504E0069B097 /* Tshunhue */;
			targetProxy = 2B335C63300F50500069B097 /* PBXContainerItemProxy */;
		};
		2B335C6E300F50500069B097 /* PBXTargetDependency */ = {
			isa = PBXTargetDependency;
			target = 2B335C54300F504E0069B097 /* Tshunhue */;
			targetProxy = 2B335C6D300F50500069B097 /* PBXContainerItemProxy */;
		};
/* End PBXTargetDependency section */

/* Begin XCBuildConfiguration section */
		A1000000000000000000000B /* Debug */ = {
			isa = XCBuildConfiguration;
			buildSettings = {
				APPLICATION_EXTENSION_API_ONLY = YES;
				CODE_SIGN_ENTITLEMENTS = TshunhueKeyboard/TshunhueKeyboard.entitlements;
				CODE_SIGN_STYLE = Automatic;
				CURRENT_PROJECT_VERSION = 1;
				DEVELOPMENT_TEAM = XD7P72D22X;
				GENERATE_INFOPLIST_FILE = NO;
				INFOPLIST_FILE = TshunhueKeyboard/Info.plist;
				IPHONEOS_DEPLOYMENT_TARGET = 26.5;
				MARKETING_VERSION = 1.0;
				PRODUCT_BUNDLE_IDENTIFIER = tw.poren.Tshunhue.Keyboard;
				PRODUCT_NAME = "Tshunhue Keyboard";
				SDKROOT = iphoneos;
				SKIP_INSTALL = YES;
				STRING_CATALOG_GENERATE_SYMBOLS = NO;
				SUPPORTED_PLATFORMS = "iphoneos iphonesimulator";
				SWIFT_APPROACHABLE_CONCURRENCY = YES;
				SWIFT_EMIT_LOC_STRINGS = YES;
				SWIFT_UPCOMING_FEATURE_MEMBER_IMPORT_VISIBILITY = YES;
				SWIFT_VERSION = 5.0;
				TARGETED_DEVICE_FAMILY = "1,2";
			};
			name = Debug;
		};
		A1000000000000000000000C /* Release */ = {
			isa = XCBuildConfiguration;
			buildSettings = {
				APPLICATION_EXTENSION_API_ONLY = YES;
				CODE_SIGN_ENTITLEMENTS = TshunhueKeyboard/TshunhueKeyboard.entitlements;
				CODE_SIGN_STYLE = Automatic;
				CURRENT_PROJECT_VERSION = 1;
				DEVELOPMENT_TEAM = XD7P72D22X;
				GENERATE_INFOPLIST_FILE = NO;
				INFOPLIST_FILE = TshunhueKeyboard/Info.plist;
				IPHONEOS_DEPLOYMENT_TARGET = 26.5;
				MARKETING_VERSION = 1.0;
				PRODUCT_BUNDLE_IDENTIFIER = tw.poren.Tshunhue.Keyboard;
				PRODUCT_NAME = "Tshunhue Keyboard";
				SDKROOT = iphoneos;
				SKIP_INSTALL = YES;
				STRING_CATALOG_GENERATE_SYMBOLS = NO;
				SUPPORTED_PLATFORMS = "iphoneos iphonesimulator";
				SWIFT_APPROACHABLE_CONCURRENCY = YES;
				SWIFT_EMIT_LOC_STRINGS = YES;
				SWIFT_UPCOMING_FEATURE_MEMBER_IMPORT_VISIBILITY = YES;
				SWIFT_VERSION = 5.0;
				TARGETED_DEVICE_FAMILY = "1,2";
			};
			name = Release;
		};
		2B335C74300F50500069B097 /* Debug */ = {
			isa = XCBuildConfiguration;
			buildSettings = {
				ALWAYS_SEARCH_USER_PATHS = NO;
				ASSETCATALOG_COMPILER_GENERATE_SWIFT_ASSET_SYMBOL_EXTENSIONS = YES;
				CLANG_ANALYZER_NONNULL = YES;
				CLANG_ANALYZER_NUMBER_OBJECT_CONVERSION = YES_AGGRESSIVE;
				CLANG_CXX_LANGUAGE_STANDARD = "gnu++20";
				CLANG_ENABLE_MODULES = YES;
				CLANG_ENABLE_OBJC_ARC = YES;
				CLANG_ENABLE_OBJC_WEAK = YES;
				CLANG_WARN_BLOCK_CAPTURE_AUTORELEASING = YES;
				CLANG_WARN_BOOL_CONVERSION = YES;
				CLANG_WARN_COMMA = YES;
				CLANG_WARN_CONSTANT_CONVERSION = YES;
				CLANG_WARN_DEPRECATED_OBJC_IMPLEMENTATIONS = YES;
				CLANG_WARN_DIRECT_OBJC_ISA_USAGE = YES_ERROR;
				CLANG_WARN_DOCUMENTATION_COMMENTS = YES;
				CLANG_WARN_EMPTY_BODY = YES;
				CLANG_WARN_ENUM_CONVERSION = YES;
				CLANG_WARN_INFINITE_RECURSION = YES;
				CLANG_WARN_INT_CONVERSION = YES;
				CLANG_WARN_NON_LITERAL_NULL_CONVERSION = YES;
				CLANG_WARN_OBJC_IMPLICIT_RETAIN_SELF = YES;
				CLANG_WARN_OBJC_LITERAL_CONVERSION = YES;
				CLANG_WARN_OBJC_ROOT_CLASS = YES_ERROR;
				CLANG_WARN_QUOTED_INCLUDE_IN_FRAMEWORK_HEADER = YES;
				CLANG_WARN_RANGE_LOOP_ANALYSIS = YES;
				CLANG_WARN_STRICT_PROTOTYPES = YES;
				CLANG_WARN_SUSPICIOUS_MOVE = YES;
				CLANG_WARN_UNGUARDED_AVAILABILITY = YES_AGGRESSIVE;
				CLANG_WARN_UNREACHABLE_CODE = YES;
				CLANG_WARN__DUPLICATE_METHOD_MATCH = YES;
				COPY_PHASE_STRIP = NO;
				DEBUG_INFORMATION_FORMAT = dwarf;
				DEVELOPMENT_TEAM = XD7P72D22X;
				ENABLE_STRICT_OBJC_MSGSEND = YES;
				ENABLE_TESTABILITY = YES;
				ENABLE_USER_SCRIPT_SANDBOXING = YES;
				GCC_C_LANGUAGE_STANDARD = gnu17;
				GCC_DYNAMIC_NO_PIC = NO;
				GCC_NO_COMMON_BLOCKS = YES;
				GCC_OPTIMIZATION_LEVEL = 0;
				GCC_PREPROCESSOR_DEFINITIONS = (
					"DEBUG=1",
					"$(inherited)",
				);
				GCC_WARN_64_TO_32_BIT_CONVERSION = YES;
				GCC_WARN_ABOUT_RETURN_TYPE = YES_ERROR;
				GCC_WARN_UNDECLARED_SELECTOR = YES;
				GCC_WARN_UNINITIALIZED_AUTOS = YES_AGGRESSIVE;
				GCC_WARN_UNUSED_FUNCTION = YES;
				GCC_WARN_UNUSED_VARIABLE = YES;
				LOCALIZATION_PREFERS_STRING_CATALOGS = YES;
				MTL_ENABLE_DEBUG_INFO = INCLUDE_SOURCE;
				MTL_FAST_MATH = YES;
				ONLY_ACTIVE_ARCH = YES;
				SWIFT_ACTIVE_COMPILATION_CONDITIONS = "DEBUG $(inherited)";
				SWIFT_OPTIMIZATION_LEVEL = "-Onone";
			};
			name = Debug;
		};
		2B335C75300F50500069B097 /* Release */ = {
			isa = XCBuildConfiguration;
			buildSettings = {
				ALWAYS_SEARCH_USER_PATHS = NO;
				ASSETCATALOG_COMPILER_GENERATE_SWIFT_ASSET_SYMBOL_EXTENSIONS = YES;
				CLANG_ANALYZER_NONNULL = YES;
				CLANG_ANALYZER_NUMBER_OBJECT_CONVERSION = YES_AGGRESSIVE;
				CLANG_CXX_LANGUAGE_STANDARD = "gnu++20";
				CLANG_ENABLE_MODULES = YES;
				CLANG_ENABLE_OBJC_ARC = YES;
				CLANG_ENABLE_OBJC_WEAK = YES;
				CLANG_WARN_BLOCK_CAPTURE_AUTORELEASING = YES;
				CLANG_WARN_BOOL_CONVERSION = YES;
				CLANG_WARN_COMMA = YES;
				CLANG_WARN_CONSTANT_CONVERSION = YES;
				CLANG_WARN_DEPRECATED_OBJC_IMPLEMENTATIONS = YES;
				CLANG_WARN_DIRECT_OBJC_ISA_USAGE = YES_ERROR;
				CLANG_WARN_DOCUMENTATION_COMMENTS = YES;
				CLANG_WARN_EMPTY_BODY = YES;
				CLANG_WARN_ENUM_CONVERSION = YES;
				CLANG_WARN_INFINITE_RECURSION = YES;
				CLANG_WARN_INT_CONVERSION = YES;
				CLANG_WARN_NON_LITERAL_NULL_CONVERSION = YES;
				CLANG_WARN_OBJC_IMPLICIT_RETAIN_SELF = YES;
				CLANG_WARN_OBJC_LITERAL_CONVERSION = YES;
				CLANG_WARN_OBJC_ROOT_CLASS = YES_ERROR;
				CLANG_WARN_QUOTED_INCLUDE_IN_FRAMEWORK_HEADER = YES;
				CLANG_WARN_RANGE_LOOP_ANALYSIS = YES;
				CLANG_WARN_STRICT_PROTOTYPES = YES;
				CLANG_WARN_SUSPICIOUS_MOVE = YES;
				CLANG_WARN_UNGUARDED_AVAILABILITY = YES_AGGRESSIVE;
				CLANG_WARN_UNREACHABLE_CODE = YES;
				CLANG_WARN__DUPLICATE_METHOD_MATCH = YES;
				COPY_PHASE_STRIP = NO;
				DEBUG_INFORMATION_FORMAT = "dwarf-with-dsym";
				DEVELOPMENT_TEAM = XD7P72D22X;
				ENABLE_NS_ASSERTIONS = NO;
				ENABLE_STRICT_OBJC_MSGSEND = YES;
				ENABLE_USER_SCRIPT_SANDBOXING = YES;
				GCC_C_LANGUAGE_STANDARD = gnu17;
				GCC_NO_COMMON_BLOCKS = YES;
				GCC_WARN_64_TO_32_BIT_CONVERSION = YES;
				GCC_WARN_ABOUT_RETURN_TYPE = YES_ERROR;
				GCC_WARN_UNDECLARED_SELECTOR = YES;
				GCC_WARN_UNINITIALIZED_AUTOS = YES_AGGRESSIVE;
				GCC_WARN_UNUSED_FUNCTION = YES;
				GCC_WARN_UNUSED_VARIABLE = YES;
				LOCALIZATION_PREFERS_STRING_CATALOGS = YES;
				MTL_ENABLE_DEBUG_INFO = NO;
				MTL_FAST_MATH = YES;
				SWIFT_COMPILATION_MODE = wholemodule;
			};
			name = Release;
		};
		2B335C77300F50500069B097 /* Debug */ = {
			isa = XCBuildConfiguration;
			buildSettings = {
				ASSETCATALOG_COMPILER_APPICON_NAME = AppIcon;
				ASSETCATALOG_COMPILER_GLOBAL_ACCENT_COLOR_NAME = AccentColor;
				CODE_SIGN_STYLE = Automatic;
				"CODE_SIGN_ENTITLEMENTS[sdk=macosx*]" = Tshunhue/Tshunhue.entitlements;
				"CODE_SIGN_ENTITLEMENTS[sdk=iphoneos*]" = Tshunhue/Tshunhue-iOS.entitlements;
				CURRENT_PROJECT_VERSION = 1;
				DEVELOPMENT_TEAM = XD7P72D22X;
				ENABLE_APP_SANDBOX = YES;
				ENABLE_HARDENED_RUNTIME = YES;
				ENABLE_PREVIEWS = YES;
				ENABLE_USER_SELECTED_FILES = readonly;
				GENERATE_INFOPLIST_FILE = YES;
				"INFOPLIST_KEY_UIApplicationSceneManifest_Generation[sdk=iphoneos*]" = YES;
				"INFOPLIST_KEY_UIApplicationSceneManifest_Generation[sdk=iphonesimulator*]" = YES;
				"INFOPLIST_KEY_UIApplicationSupportsIndirectInputEvents[sdk=iphoneos*]" = YES;
				"INFOPLIST_KEY_UIApplicationSupportsIndirectInputEvents[sdk=iphonesimulator*]" = YES;
				"INFOPLIST_KEY_UILaunchScreen_Generation[sdk=iphoneos*]" = YES;
				"INFOPLIST_KEY_UILaunchScreen_Generation[sdk=iphonesimulator*]" = YES;
				"INFOPLIST_KEY_UIStatusBarStyle[sdk=iphoneos*]" = UIStatusBarStyleDefault;
				"INFOPLIST_KEY_UIStatusBarStyle[sdk=iphonesimulator*]" = UIStatusBarStyleDefault;
				INFOPLIST_KEY_UISupportedInterfaceOrientations_iPad = "UIInterfaceOrientationPortrait UIInterfaceOrientationPortraitUpsideDown UIInterfaceOrientationLandscapeLeft UIInterfaceOrientationLandscapeRight";
				INFOPLIST_KEY_UISupportedInterfaceOrientations_iPhone = "UIInterfaceOrientationPortrait UIInterfaceOrientationLandscapeLeft UIInterfaceOrientationLandscapeRight";
				IPHONEOS_DEPLOYMENT_TARGET = 26.5;
				LD_RUNPATH_SEARCH_PATHS = "@executable_path/Frameworks";
				"LD_RUNPATH_SEARCH_PATHS[sdk=macosx*]" = "@executable_path/../Frameworks";
				MACOSX_DEPLOYMENT_TARGET = 26.5;
				MARKETING_VERSION = 1.0;
				PRODUCT_BUNDLE_IDENTIFIER = tw.poren.Tshunhue;
				PRODUCT_NAME = "$(TARGET_NAME)";
				SDKROOT = auto;
				STRING_CATALOG_GENERATE_SYMBOLS = YES;
				SUPPORTED_PLATFORMS = "iphoneos iphonesimulator macosx";
				SWIFT_APPROACHABLE_CONCURRENCY = YES;
				SWIFT_EMIT_LOC_STRINGS = YES;
				SWIFT_UPCOMING_FEATURE_MEMBER_IMPORT_VISIBILITY = YES;
				SWIFT_VERSION = 5.0;
				TARGETED_DEVICE_FAMILY = "1,2";
			};
			name = Debug;
		};
		2B335C78300F50500069B097 /* Release */ = {
			isa = XCBuildConfiguration;
			buildSettings = {
				ASSETCATALOG_COMPILER_APPICON_NAME = AppIcon;
				ASSETCATALOG_COMPILER_GLOBAL_ACCENT_COLOR_NAME = AccentColor;
				CODE_SIGN_STYLE = Automatic;
				"CODE_SIGN_ENTITLEMENTS[sdk=macosx*]" = Tshunhue/Tshunhue.entitlements;
				"CODE_SIGN_ENTITLEMENTS[sdk=iphoneos*]" = Tshunhue/Tshunhue-iOS.entitlements;
				CURRENT_PROJECT_VERSION = 1;
				DEVELOPMENT_TEAM = XD7P72D22X;
				ENABLE_APP_SANDBOX = YES;
				ENABLE_HARDENED_RUNTIME = YES;
				ENABLE_PREVIEWS = YES;
				ENABLE_USER_SELECTED_FILES = readonly;
				GENERATE_INFOPLIST_FILE = YES;
				"INFOPLIST_KEY_UIApplicationSceneManifest_Generation[sdk=iphoneos*]" = YES;
				"INFOPLIST_KEY_UIApplicationSceneManifest_Generation[sdk=iphonesimulator*]" = YES;
				"INFOPLIST_KEY_UIApplicationSupportsIndirectInputEvents[sdk=iphoneos*]" = YES;
				"INFOPLIST_KEY_UIApplicationSupportsIndirectInputEvents[sdk=iphonesimulator*]" = YES;
				"INFOPLIST_KEY_UILaunchScreen_Generation[sdk=iphoneos*]" = YES;
				"INFOPLIST_KEY_UILaunchScreen_Generation[sdk=iphonesimulator*]" = YES;
				"INFOPLIST_KEY_UIStatusBarStyle[sdk=iphoneos*]" = UIStatusBarStyleDefault;
				"INFOPLIST_KEY_UIStatusBarStyle[sdk=iphonesimulator*]" = UIStatusBarStyleDefault;
				INFOPLIST_KEY_UISupportedInterfaceOrientations_iPad = "UIInterfaceOrientationPortrait UIInterfaceOrientationPortraitUpsideDown UIInterfaceOrientationLandscapeLeft UIInterfaceOrientationLandscapeRight";
				INFOPLIST_KEY_UISupportedInterfaceOrientations_iPhone = "UIInterfaceOrientationPortrait UIInterfaceOrientationLandscapeLeft UIInterfaceOrientationLandscapeRight";
				IPHONEOS_DEPLOYMENT_TARGET = 26.5;
				LD_RUNPATH_SEARCH_PATHS = "@executable_path/Frameworks";
				"LD_RUNPATH_SEARCH_PATHS[sdk=macosx*]" = "@executable_path/../Frameworks";
				MACOSX_DEPLOYMENT_TARGET = 26.5;
				MARKETING_VERSION = 1.0;
				PRODUCT_BUNDLE_IDENTIFIER = tw.poren.Tshunhue;
				PRODUCT_NAME = "$(TARGET_NAME)";
				SDKROOT = auto;
				STRING_CATALOG_GENERATE_SYMBOLS = YES;
				SUPPORTED_PLATFORMS = "iphoneos iphonesimulator macosx";
				SWIFT_APPROACHABLE_CONCURRENCY = YES;
				SWIFT_EMIT_LOC_STRINGS = YES;
				SWIFT_UPCOMING_FEATURE_MEMBER_IMPORT_VISIBILITY = YES;
				SWIFT_VERSION = 5.0;
				TARGETED_DEVICE_FAMILY = "1,2";
			};
			name = Release;
		};
		2B335C7A300F50500069B097 /* Debug */ = {
			isa = XCBuildConfiguration;
			buildSettings = {
				BUNDLE_LOADER = "$(TEST_HOST)";
				CODE_SIGN_STYLE = Automatic;
				CURRENT_PROJECT_VERSION = 1;
				DEVELOPMENT_TEAM = XD7P72D22X;
				GENERATE_INFOPLIST_FILE = YES;
				IPHONEOS_DEPLOYMENT_TARGET = 26.5;
				MACOSX_DEPLOYMENT_TARGET = 26.5;
				MARKETING_VERSION = 1.0;
				PRODUCT_BUNDLE_IDENTIFIER = tw.poren.TshunhueTests;
				PRODUCT_NAME = "$(TARGET_NAME)";
				SDKROOT = auto;
				STRING_CATALOG_GENERATE_SYMBOLS = NO;
				SUPPORTED_PLATFORMS = "iphoneos iphonesimulator macosx";
				SWIFT_APPROACHABLE_CONCURRENCY = YES;
				SWIFT_EMIT_LOC_STRINGS = NO;
				SWIFT_UPCOMING_FEATURE_MEMBER_IMPORT_VISIBILITY = YES;
				SWIFT_VERSION = 5.0;
				TARGETED_DEVICE_FAMILY = "1,2";
				TEST_HOST = "$(BUILT_PRODUCTS_DIR)/Tshunhue.app/$(BUNDLE_EXECUTABLE_FOLDER_PATH)/Tshunhue";
			};
			name = Debug;
		};
		2B335C7B300F50500069B097 /* Release */ = {
			isa = XCBuildConfiguration;
			buildSettings = {
				BUNDLE_LOADER = "$(TEST_HOST)";
				CODE_SIGN_STYLE = Automatic;
				CURRENT_PROJECT_VERSION = 1;
				DEVELOPMENT_TEAM = XD7P72D22X;
				GENERATE_INFOPLIST_FILE = YES;
				IPHONEOS_DEPLOYMENT_TARGET = 26.5;
				MACOSX_DEPLOYMENT_TARGET = 26.5;
				MARKETING_VERSION = 1.0;
				PRODUCT_BUNDLE_IDENTIFIER = tw.poren.TshunhueTests;
				PRODUCT_NAME = "$(TARGET_NAME)";
				SDKROOT = auto;
				STRING_CATALOG_GENERATE_SYMBOLS = NO;
				SUPPORTED_PLATFORMS = "iphoneos iphonesimulator macosx";
				SWIFT_APPROACHABLE_CONCURRENCY = YES;
				SWIFT_EMIT_LOC_STRINGS = NO;
				SWIFT_UPCOMING_FEATURE_MEMBER_IMPORT_VISIBILITY = YES;
				SWIFT_VERSION = 5.0;
				TARGETED_DEVICE_FAMILY = "1,2";
				TEST_HOST = "$(BUILT_PRODUCTS_DIR)/Tshunhue.app/$(BUNDLE_EXECUTABLE_FOLDER_PATH)/Tshunhue";
			};
			name = Release;
		};
		2B335C7D300F50500069B097 /* Debug */ = {
			isa = XCBuildConfiguration;
			buildSettings = {
				CODE_SIGN_STYLE = Automatic;
				CURRENT_PROJECT_VERSION = 1;
				DEVELOPMENT_TEAM = XD7P72D22X;
				GENERATE_INFOPLIST_FILE = YES;
				IPHONEOS_DEPLOYMENT_TARGET = 26.5;
				MACOSX_DEPLOYMENT_TARGET = 26.5;
				MARKETING_VERSION = 1.0;
				PRODUCT_BUNDLE_IDENTIFIER = tw.poren.TshunhueUITests;
				PRODUCT_NAME = "$(TARGET_NAME)";
				SDKROOT = auto;
				STRING_CATALOG_GENERATE_SYMBOLS = NO;
				SUPPORTED_PLATFORMS = "iphoneos iphonesimulator macosx";
				SWIFT_APPROACHABLE_CONCURRENCY = YES;
				SWIFT_EMIT_LOC_STRINGS = NO;
				SWIFT_UPCOMING_FEATURE_MEMBER_IMPORT_VISIBILITY = YES;
				SWIFT_VERSION = 5.0;
				TARGETED_DEVICE_FAMILY = "1,2";
				TEST_TARGET_NAME = Tshunhue;
			};
			name = Debug;
		};
		2B335C7E300F50500069B097 /* Release */ = {
			isa = XCBuildConfiguration;
			buildSettings = {
				CODE_SIGN_STYLE = Automatic;
				CURRENT_PROJECT_VERSION = 1;
				DEVELOPMENT_TEAM = XD7P72D22X;
				GENERATE_INFOPLIST_FILE = YES;
				IPHONEOS_DEPLOYMENT_TARGET = 26.5;
				MACOSX_DEPLOYMENT_TARGET = 26.5;
				MARKETING_VERSION = 1.0;
				PRODUCT_BUNDLE_IDENTIFIER = tw.poren.TshunhueUITests;
				PRODUCT_NAME = "$(TARGET_NAME)";
				SDKROOT = auto;
				STRING_CATALOG_GENERATE_SYMBOLS = NO;
				SUPPORTED_PLATFORMS = "iphoneos iphonesimulator macosx";
				SWIFT_APPROACHABLE_CONCURRENCY = YES;
				SWIFT_EMIT_LOC_STRINGS = NO;
				SWIFT_UPCOMING_FEATURE_MEMBER_IMPORT_VISIBILITY = YES;
				SWIFT_VERSION = 5.0;
				TARGETED_DEVICE_FAMILY = "1,2";
				TEST_TARGET_NAME = Tshunhue;
			};
			name = Release;
		};
/* End XCBuildConfiguration section */

/* Begin XCConfigurationList section */
		A1000000000000000000000D /* Build configuration list for PBXNativeTarget "Tshunhue Keyboard" */ = {
			isa = XCConfigurationList;
			buildConfigurations = (
				A1000000000000000000000B /* Debug */,
				A1000000000000000000000C /* Release */,
			);
			defaultConfigurationIsVisible = 0;
			defaultConfigurationName = Release;
		};
		2B335C50300F504E0069B097 /* Build configuration list for PBXProject "Tshunhue" */ = {
			isa = XCConfigurationList;
			buildConfigurations = (
				2B335C74300F50500069B097 /* Debug */,
				2B335C75300F50500069B097 /* Release */,
			);
			defaultConfigurationIsVisible = 0;
			defaultConfigurationName = Release;
		};
		2B335C76300F50500069B097 /* Build configuration list for PBXNativeTarget "Tshunhue" */ = {
			isa = XCConfigurationList;
			buildConfigurations = (
				2B335C77300F50500069B097 /* Debug */,
				2B335C78300F50500069B097 /* Release */,
			);
			defaultConfigurationIsVisible = 0;
			defaultConfigurationName = Release;
		};
		2B335C79300F50500069B097 /* Build configuration list for PBXNativeTarget "TshunhueTests" */ = {
			isa = XCConfigurationList;
			buildConfigurations = (
				2B335C7A300F50500069B097 /* Debug */,
				2B335C7B300F50500069B097 /* Release */,
			);
			defaultConfigurationIsVisible = 0;
			defaultConfigurationName = Release;
		};
		2B335C7C300F50500069B097 /* Build configuration list for PBXNativeTarget "TshunhueUITests" */ = {
			isa = XCConfigurationList;
			buildConfigurations = (
				2B335C7D300F50500069B097 /* Debug */,
				2B335C7E300F50500069B097 /* Release */,
			);
			defaultConfigurationIsVisible = 0;
			defaultConfigurationName = Release;
		};
/* End XCConfigurationList section */
	};
	rootObject = 2B335C4D300F504E0069B097 /* Project object */;
}
